
Microsoft Visual Studio Solution File, Format Version 12.00
# Visual Studio 14
VisualStudioVersion = 14.0.24720.0
MinimumVisualStudioVersion = 10.0.40219.1
Project("{8BC9CEB8-8B4A-11D0-8D11-00A0C91BC942}") = "Parser", "Parser\Parser.vcxproj", "{77BE9964-7862-4D05-AFF0-B42718AAE386}"
EndProject
Project("{8BC9CEB8-8B4A-11D0-8D11-00A0C91BC942}") = "ScopeStack", "ScopeStack\ScopeStack.vcxproj", "{0AE7CD6E-0797-422E-8DB9-407E517624A5}"
EndProject
Project("{8BC9CEB8-8B4A-11D0-8D11-00A0C91BC942}") = "Tokenizer", "Tokenizer\Tokenizer.vcxproj", "{FD63AD3D-4A25-4F5C-BD43-1E19192357F2}"
EndProject
Project("{8BC9CEB8-8B4A-11D0-8D11-00A0C91BC942}") = "SemiExpression", "SemiExp\SemiExp.vcxproj", "{C1131546-C8AE-4A24-A866-4A28DFDB72B9}"
EndProject
Project("{8BC9CEB8-8B4A-11D0-8D11-00A0C91BC942}") = "AST", "AST\AST.vcxproj", "{EB6E1379-8BA2-4425-A535-9245A0785026}"
EndProject
Project("{8BC9CEB8-8B4A-11D0-8D11-00A0C91BC942}") = "Metrics", "Metrics\Metrics.vcxproj", "{C9799E1A-1E1C-4189-855D-B15C256701BD}"
EndProject
Project("{8BC9CEB8-8B4A-11D0-8D11-00A0C91BC942}") = "FileMgr", "FileMgr\FileMgr.vcxproj", "{DDEE27FF-855E-4D10-AD7B-79CB8966EF13}"
EndProject
Project("{8BC9CEB8-8B4A-11D0-8D11-00A0C91BC942}") = "DataStore", "DataStore\DataStore.vcxproj", "{B816C2D9-4493-47DD-9AC2-2979F5354E2B}"
EndProject
Project("{8BC9CEB8-8B4A-11D0-8D11-00A0C91BC942}") = "TypeTable", "TypeTable\TypeTable.vcxproj", "{386BD142-920E-4E4A-9AE2-945AC1F1BF0B}"
EndProject
Project("{8BC9CEB8-8B4A-11D0-8D11-00A0C91BC942}") = "DependencyAnalysis", "AnalyzeFile\AnalyzeFile.vcxproj", "{22E2B0CE-8581-41A9-AF2F-DC2AB60790C6}"
EndProject
Project("{8BC9CEB8-8B4A-11D0-8D11-00A0C91BC942}") = "TypeAnalysis", "GetTypeTable\DependencyExec.vcxproj", "{C6889882-B23A-4C03-92F2-7CFFC502FC4F}"
EndProject
Project("{8BC9CEB8-8B4A-11D0-8D11-00A0C91BC942}") = "ParallelDependencyAnalysis", "ParallelDependencyAnalysis\ParallelDependencyAnalysis.vcxproj", "{9BD3E236-2B5D-4823-8509-8A240CA81F17}"
EndProject
Project("{8BC9CEB8-8B4A-11D0-8D11-00A0C91BC942}") = "ParallelDependencyExcec", "ParallelDependencyExcec\ParallelDependencyExcec.vcxproj", "{0109D69E-10A5-43B4-922A-390B8B500F00}"
EndProject
Project("{8BC9CEB8-8B4A-11D0-8D11-00A0C91BC942}") = "ThreadPool", "ThreadPool\QueuedWorkItems.vcxproj", "{85DF2ECF-B43E-4927-9406-72ACBE48100E}"
EndProject
Project("{8BC9CEB8-8B4A-11D0-8D11-00A0C91BC942}") = "Tasks", "Tasks\Tasks.vcxproj", "{8FFECBBF-A77B-4706-90B4-3B544D5631D8}"
EndProject
Global
	GlobalSection(SolutionConfigurationPlatforms) = preSolution
		Debug|x64 = Debug|x64
		Debug|x86 = Debug|x86
		Release|x64 = Release|x64
		Release|x86 = Release|x86
	EndGlobalSection
	GlobalSection(ProjectConfigurationPlatforms) = postSolution
		{77BE9964-7862-4D05-AFF0-B42718AAE386}.Debug|x64.ActiveCfg = Debug|x64
		{77BE9964-7862-4D05-AFF0-B42718AAE386}.Debug|x64.Build.0 = Debug|x64
		{77BE9964-7862-4D05-AFF0-B42718AAE386}.Debug|x86.ActiveCfg = Debug|Win32
		{77BE9964-7862-4D05-AFF0-B42718AAE386}.Debug|x86.Build.0 = Debug|Win32
		{77BE9964-7862-4D05-AFF0-B42718AAE386}.Release|x64.ActiveCfg = Release|x64
		{77BE9964-7862-4D05-AFF0-B42718AAE386}.Release|x64.Build.0 = Release|x64
		{77BE9964-7862-4D05-AFF0-B42718AAE386}.Release|x86.ActiveCfg = Release|Win32
		{77BE9964-7862-4D05-AFF0-B42718AAE386}.Release|x86.Build.0 = Release|Win32
		{0AE7CD6E-0797-422E-8DB9-407E517624A5}.Debug|x64.ActiveCfg = Debug|x64
		{0AE7CD6E-0797-422E-8DB9-407E517624A5}.Debug|x64.Build.0 = Debug|x64
		{0AE7CD6E-0797-422E-8DB9-407E517624A5}.Debug|x86.ActiveCfg = Debug|Win32
		{0AE7CD6E-0797-422E-8DB9-407E517624A5}.Debug|x86.Build.0 = Debug|Win32
		{0AE7CD6E-0797-422E-8DB9-407E517624A5}.Release|x64.ActiveCfg = Release|x64
		{0AE7CD6E-0797-422E-8DB9-407E517624A5}.Release|x64.Build.0 = Release|x64
		{0AE7CD6E-0797-422E-8DB9-407E517624A5}.Release|x86.ActiveCfg = Release|Win32
		{0AE7CD6E-0797-422E-8DB9-407E517624A5}.Release|x86.Build.0 = Release|Win32
		{FD63AD3D-4A25-4F5C-BD43-1E19192357F2}.Debug|x64.ActiveCfg = Debug|Win32
		{FD63AD3D-4A25-4F5C-BD43-1E19192357F2}.Debug|x86.ActiveCfg = Debug|Win32
		{FD63AD3D-4A25-4F5C-BD43-1E19192357F2}.Debug|x86.Build.0 = Debug|Win32
		{FD63AD3D-4A25-4F5C-BD43-1E19192357F2}.Release|x64.ActiveCfg = Release|Win32
		{FD63AD3D-4A25-4F5C-BD43-1E19192357F2}.Release|x86.ActiveCfg = Release|Win32
		{FD63AD3D-4A25-4F5C-BD43-1E19192357F2}.Release|x86.Build.0 = Release|Win32
		{C1131546-C8AE-4A24-A866-4A28DFDB72B9}.Debug|x64.ActiveCfg = Debug|x64
		{C1131546-C8AE-4A24-A866-4A28DFDB72B9}.Debug|x64.Build.0 = Debug|x64
		{C1131546-C8AE-4A24-A866-4A28DFDB72B9}.Debug|x86.ActiveCfg = Debug|Win32
		{C1131546-C8AE-4A24-A866-4A28DFDB72B9}.Debug|x86.Build.0 = Debug|Win32
		{C1131546-C8AE-4A24-A866-4A28DFDB72B9}.Release|x64.ActiveCfg = Release|x64
		{C1131546-C8AE-4A24-A866-4A28DFDB72B9}.Release|x64.Build.0 = Release|x64
		{C1131546-C8AE-4A24-A866-4A28DFDB72B9}.Release|x86.ActiveCfg = Release|Win32
		{C1131546-C8AE-4A24-A866-4A28DFDB72B9}.Release|x86.Build.0 = Release|Win32
		{EB6E1379-8BA2-4425-A535-9245A0785026}.Debug|x64.ActiveCfg = Debug|x64
		{EB6E1379-8BA2-4425-A535-9245A0785026}.Debug|x64.Build.0 = Debug|x64
		{EB6E1379-8BA2-4425-A535-9245A0785026}.Debug|x86.ActiveCfg = Debug|Win32
		{EB6E1379-8BA2-4425-A535-9245A0785026}.Debug|x86.Build.0 = Debug|Win32
		{EB6E1379-8BA2-4425-A535-9245A0785026}.Release|x64.ActiveCfg = Release|x64
		{EB6E1379-8BA2-4425-A535-9245A0785026}.Release|x64.Build.0 = Release|x64
		{EB6E1379-8BA2-4425-A535-9245A0785026}.Release|x86.ActiveCfg = Release|Win32
		{EB6E1379-8BA2-4425-A535-9245A0785026}.Release|x86.Build.0 = Release|Win32
		{C9799E1A-1E1C-4189-855D-B15C256701BD}.Debug|x64.ActiveCfg = Debug|x64
		{C9799E1A-1E1C-4189-855D-B15C256701BD}.Debug|x64.Build.0 = Debug|x64
		{C9799E1A-1E1C-4189-855D-B15C256701BD}.Debug|x86.ActiveCfg = Debug|Win32
		{C9799E1A-1E1C-4189-855D-B15C256701BD}.Debug|x86.Build.0 = Debug|Win32
		{C9799E1A-1E1C-4189-855D-B15C256701BD}.Release|x64.ActiveCfg = Release|x64
		{C9799E1A-1E1C-4189-855D-B15C256701BD}.Release|x64.Build.0 = Release|x64
		{C9799E1A-1E1C-4189-855D-B15C256701BD}.Release|x86.ActiveCfg = Release|Win32
		{C9799E1A-1E1C-4189-855D-B15C256701BD}.Release|x86.Build.0 = Release|Win32
		{DDEE27FF-855E-4D10-AD7B-79CB8966EF13}.Debug|x64.ActiveCfg = Debug|Win32
		{DDEE27FF-855E-4D10-AD7B-79CB8966EF13}.Debug|x86.ActiveCfg = Debug|Win32
		{DDEE27FF-855E-4D10-AD7B-79CB8966EF13}.Debug|x86.Build.0 = Debug|Win32
		{DDEE27FF-855E-4D10-AD7B-79CB8966EF13}.Release|x64.ActiveCfg = Release|Win32
		{DDEE27FF-855E-4D10-AD7B-79CB8966EF13}.Release|x86.ActiveCfg = Release|Win32
		{DDEE27FF-855E-4D10-AD7B-79CB8966EF13}.Release|x86.Build.0 = Release|Win32
		{B816C2D9-4493-47DD-9AC2-2979F5354E2B}.Debug|x64.ActiveCfg = Debug|Win32
		{B816C2D9-4493-47DD-9AC2-2979F5354E2B}.Debug|x86.ActiveCfg = Debug|Win32
		{B816C2D9-4493-47DD-9AC2-2979F5354E2B}.Debug|x86.Build.0 = Debug|Win32
		{B816C2D9-4493-47DD-9AC2-2979F5354E2B}.Release|x64.ActiveCfg = Release|Win32
		{B816C2D9-4493-47DD-9AC2-2979F5354E2B}.Release|x86.ActiveCfg = Release|Win32
		{B816C2D9-4493-47DD-9AC2-2979F5354E2B}.Release|x86.Build.0 = Release|Win32
		{386BD142-920E-4E4A-9AE2-945AC1F1BF0B}.Debug|x64.ActiveCfg = Debug|x64
		{386BD142-920E-4E4A-9AE2-945AC1F1BF0B}.Debug|x64.Build.0 = Debug|x64
		{386BD142-920E-4E4A-9AE2-945AC1F1BF0B}.Debug|x86.ActiveCfg = Debug|Win32
		{386BD142-920E-4E4A-9AE2-945AC1F1BF0B}.Debug|x86.Build.0 = Debug|Win32
		{386BD142-920E-4E4A-9AE2-945AC1F1BF0B}.Release|x64.ActiveCfg = Release|x64
		{386BD142-920E-4E4A-9AE2-945AC1F1BF0B}.Release|x64.Build.0 = Release|x64
		{386BD142-920E-4E4A-9AE2-945AC1F1BF0B}.Release|x86.ActiveCfg = Release|Win32
		{386BD142-920E-4E4A-9AE2-945AC1F1BF0B}.Release|x86.Build.0 = Release|Win32
		{22E2B0CE-8581-41A9-AF2F-DC2AB60790C6}.Debug|x64.ActiveCfg = Debug|x64
		{22E2B0CE-8581-41A9-AF2F-DC2AB60790C6}.Debug|x64.Build.0 = Debug|x64
		{22E2B0CE-8581-41A9-AF2F-DC2AB60790C6}.Debug|x86.ActiveCfg = Debug|Win32
		{22E2B0CE-8581-41A9-AF2F-DC2AB60790C6}.Debug|x86.Build.0 = Debug|Win32
		{22E2B0CE-8581-41A9-AF2F-DC2AB60790C6}.Release|x64.ActiveCfg = Release|x64
		{22E2B0CE-8581-41A9-AF2F-DC2AB60790C6}.Release|x64.Build.0 = Release|x64
		{22E2B0CE-8581-41A9-AF2F-DC2AB60790C6}.Release|x86.ActiveCfg = Release|Win32
		{22E2B0CE-8581-41A9-AF2F-DC2AB60790C6}.Release|x86.Build.0 = Release|Win32
		{C6889882-B23A-4C03-92F2-7CFFC502FC4F}.Debug|x64.ActiveCfg = Debug|x64
		{C6889882-B23A-4C03-92F2-7CFFC502FC4F}.Debug|x64.Build.0 = Debug|x64
		{C6889882-B23A-4C03-92F2-7CFFC502FC4F}.Debug|x86.ActiveCfg = Debug|Win32
		{C6889882-B23A-4C03-92F2-7CFFC502FC4F}.Debug|x86.Build.0 = Debug|Win32
		{C6889882-B23A-4C03-92F2-7CFFC502FC4F}.Release|x64.ActiveCfg = Release|x64
		{C6889882-B23A-4C03-92F2-7CFFC502FC4F}.Release|x64.Build.0 = Release|x64
		{C6889882-B23A-4C03-92F2-7CFFC502FC4F}.Release|x86.ActiveCfg = Release|Win32
		{C6889882-B23A-4C03-92F2-7CFFC502FC4F}.Release|x86.Build.0 = Release|Win32
		{9BD3E236-2B5D-4823-8509-8A240CA81F17}.Debug|x64.ActiveCfg = Debug|x64
		{9BD3E236-2B5D-4823-8509-8A240CA81F17}.Debug|x64.Build.0 = Debug|x64
		{9BD3E236-2B5D-4823-8509-8A240CA81F17}.Debug|x86.ActiveCfg = Debug|Win32
		{9BD3E236-2B5D-4823-8509-8A240CA81F17}.Debug|x86.Build.0 = Debug|Win32
		{9BD3E236-2B5D-4823-8509-8A240CA81F17}.Release|x64.ActiveCfg = Release|x64
		{9BD3E236-2B5D-4823-8509-8A240CA81F17}.Release|x64.Build.0 = Release|x64
		{9BD3E236-2B5D-4823-8509-8A240CA81F17}.Release|x86.ActiveCfg = Release|Win32
		{9BD3E236-2B5D-4823-8509-8A240CA81F17}.Release|x86.Build.0 = Release|Win32
		{0109D69E-10A5-43B4-922A-390B8B500F00}.Debug|x64.ActiveCfg = Debug|x64
		{0109D69E-10A5-43B4-922A-390B8B500F00}.Debug|x64.Build.0 = Debug|x64
		{0109D69E-10A5-43B4-922A-390B8B500F00}.Debug|x86.ActiveCfg = Debug|Win32
		{0109D69E-10A5-43B4-922A-390B8B500F00}.Debug|x86.Build.0 = Debug|Win32
		{0109D69E-10A5-43B4-922A-390B8B500F00}.Release|x64.ActiveCfg = Release|x64
		{0109D69E-10A5-43B4-922A-390B8B500F00}.Release|x64.Build.0 = Release|x64
		{0109D69E-10A5-43B4-922A-390B8B500F00}.Release|x86.ActiveCfg = Release|Win32
		{0109D69E-10A5-43B4-922A-390B8B500F00}.Release|x86.Build.0 = Release|Win32
		{85DF2ECF-B43E-4927-9406-72ACBE48100E}.Debug|x64.ActiveCfg = Debug|x64
		{85DF2ECF-B43E-4927-9406-72ACBE48100E}.Debug|x64.Build.0 = Debug|x64
		{85DF2ECF-B43E-4927-9406-72ACBE48100E}.Debug|x86.ActiveCfg = Debug|Win32
		{85DF2ECF-B43E-4927-9406-72ACBE48100E}.Debug|x86.Build.0 = Debug|Win32
		{85DF2ECF-B43E-4927-9406-72ACBE48100E}.Release|x64.ActiveCfg = Release|x64
		{85DF2ECF-B43E-4927-9406-72ACBE48100E}.Release|x64.Build.0 = Release|x64
		{85DF2ECF-B43E-4927-9406-72ACBE48100E}.Release|x86.ActiveCfg = Release|Win32
		{85DF2ECF-B43E-4927-9406-72ACBE48100E}.Release|x86.Build.0 = Release|Win32
		{8FFECBBF-A77B-4706-90B4-3B544D5631D8}.Debug|x64.ActiveCfg = Debug|x64
		{8FFECBBF-A77B-4706-90B4-3B544D5631D8}.Debug|x64.Build.0 = Debug|x64
		{8FFECBBF-A77B-4706-90B4-3B544D5631D8}.Debug|x86.ActiveCfg = Debug|Win32
		{8FFECBBF-A77B-4706-90B4-3B544D5631D8}.Debug|x86.Build.0 = Debug|Win32
		{8FFECBBF-A77B-4706-90B4-3B544D5631D8}.Release|x64.ActiveCfg = Release|x64
		{8FFECBBF-A77B-4706-90B4-3B544D5631D8}.Release|x64.Build.0 = Release|x64
		{8FFECBBF-A77B-4706-90B4-3B544D5631D8}.Release|x86.ActiveCfg = Release|Win32
		{8FFECBBF-A77B-4706-90B4-3B544D5631D8}.Release|x86.Build.0 = Release|Win32
	EndGlobalSection
	GlobalSection(SolutionProperties) = preSolution
		HideSolutionNode = FALSE
	EndGlobalSection
EndGlobal
